
Microsoft Visual Studio Solution File, Format Version 12.00
# Visual Studio 2012
Project("{FAE04EC0-301F-11D3-BF4B-00C04F79EFBC}") = "br.ifes.edu.es.ifesprocesso", "br.ifes.edu.es.ifesprocesso\br.ifes.edu.es.ifesprocesso.csproj", "{8511E2E9-38B0-427C-810C-5A5CA740BD36}"
EndProject
Global
	GlobalSection(SolutionConfigurationPlatforms) = preSolution
		Debug|Any CPU = Debug|Any CPU
		Release|Any CPU = Release|Any CPU
	EndGlobalSection
	GlobalSection(ProjectConfigurationPlatforms) = postSolution
		{8511E2E9-38B0-427C-810C-5A5CA740BD36}.Debug|Any CPU.ActiveCfg = Debug|Any CPU
		{8511E2E9-38B0-427C-810C-5A5CA740BD36}.Debug|Any CPU.Build.0 = Debug|Any CPU
		{8511E2E9-38B0-427C-810C-5A5CA740BD36}.Release|Any CPU.ActiveCfg = Release|Any CPU
		{8511E2E9-38B0-427C-810C-5A5CA740BD36}.Release|Any CPU.Build.0 = Release|Any CPU
	EndGlobalSection
	GlobalSection(SolutionProperties) = preSolution
		HideSolutionNode = FALSE
	EndGlobalSection
EndGlobal
